
Microsoft Visual Studio Solution File, Format Version 12.00
# Visual Studio Version 16
VisualStudioVersion = 16.0.28822.285
MinimumVisualStudioVersion = 10.0.40219.1
Project("{9A19103F-16F7-4668-BE54-9A1E7A4F7556}") = "SporeMods.Manager", "SporeMods.Manager\SporeMods.Manager.csproj", "{90FBF647-F23E-49E2-BC32-F77C0A3D2E29}"
	ProjectSection(ProjectDependencies) = postProject
		{33C87985-D6A0-4C60-A7FD-55553DB4D3BB} = {33C87985-D6A0-4C60-A7FD-55553DB4D3BB}
		{F32EB7C1-AD5B-44AE-941F-08339482B581} = {F32EB7C1-AD5B-44AE-941F-08339482B581}
	EndProjectSection
EndProject
Project("{9A19103F-16F7-4668-BE54-9A1E7A4F7556}") = "SporeMods.Core", "SporeMods.Core\SporeMods.Core.csproj", "{5D0E076F-9C1C-4990-9242-4F7E7C66A045}"
EndProject
Project("{9A19103F-16F7-4668-BE54-9A1E7A4F7556}") = "SporeMods.Launcher", "SporeMods.Launcher\SporeMods.Launcher.csproj", "{F32EB7C1-AD5B-44AE-941F-08339482B581}"
	ProjectSection(ProjectDependencies) = postProject
		{21A4B753-80B6-426E-B09F-0E6BB307B139} = {21A4B753-80B6-426E-B09F-0E6BB307B139}
	EndProjectSection
EndProject
Project("{9A19103F-16F7-4668-BE54-9A1E7A4F7556}") = "SporeMods.DragServant", "SporeMods.DragServant\SporeMods.DragServant.csproj", "{33C87985-D6A0-4C60-A7FD-55553DB4D3BB}"
EndProject
Project("{9A19103F-16F7-4668-BE54-9A1E7A4F7556}") = "SporeMods.CommonUI", "SporeMods.CommonUI\SporeMods.CommonUI.csproj", "{21A4B753-80B6-426E-B09F-0E6BB307B139}"
EndProject
Project("{9A19103F-16F7-4668-BE54-9A1E7A4F7556}") = "SporeMods.KitImporter", "SporeMods.KitImporter\SporeMods.KitImporter.csproj", "{4BB64354-8263-4288-B62D-635DAF26BE16}"
EndProject
Project("{9A19103F-16F7-4668-BE54-9A1E7A4F7556}") = "SporeMods.Setup", "SporeMods.Setup\SporeMods.Setup.csproj", "{D594F7E6-87BB-47C2-8701-1D976E38183B}"
	ProjectSection(ProjectDependencies) = postProject
		{90FBF647-F23E-49E2-BC32-F77C0A3D2E29} = {90FBF647-F23E-49E2-BC32-F77C0A3D2E29}
		{21A4B753-80B6-426E-B09F-0E6BB307B139} = {21A4B753-80B6-426E-B09F-0E6BB307B139}
		{4BB64354-8263-4288-B62D-635DAF26BE16} = {4BB64354-8263-4288-B62D-635DAF26BE16}
		{5D0E076F-9C1C-4990-9242-4F7E7C66A045} = {5D0E076F-9C1C-4990-9242-4F7E7C66A045}
		{33C87985-D6A0-4C60-A7FD-55553DB4D3BB} = {33C87985-D6A0-4C60-A7FD-55553DB4D3BB}
		{F32EB7C1-AD5B-44AE-941F-08339482B581} = {F32EB7C1-AD5B-44AE-941F-08339482B581}
	EndProjectSection
EndProject
Project("{9A19103F-16F7-4668-BE54-9A1E7A4F7556}") = "SporeMods.KitUpgradeDownloader", "SporeMods.KitUpgradeDownloader\SporeMods.KitUpgradeDownloader.csproj", "{7C03D0B0-0F25-4AE4-A1EC-4944FDD49D59}"
EndProject
Global
	GlobalSection(SolutionConfigurationPlatforms) = preSolution
		Debug|Any CPU = Debug|Any CPU
		Debug|x64 = Debug|x64
		Debug|x86 = Debug|x86
		Release|Any CPU = Release|Any CPU
		Release|x64 = Release|x64
		Release|x86 = Release|x86
	EndGlobalSection
	GlobalSection(ProjectConfigurationPlatforms) = postSolution
		{90FBF647-F23E-49E2-BC32-F77C0A3D2E29}.Debug|Any CPU.ActiveCfg = Debug|Any CPU
		{90FBF647-F23E-49E2-BC32-F77C0A3D2E29}.Debug|Any CPU.Build.0 = Debug|Any CPU
		{90FBF647-F23E-49E2-BC32-F77C0A3D2E29}.Debug|x64.ActiveCfg = Debug|Any CPU
		{90FBF647-F23E-49E2-BC32-F77C0A3D2E29}.Debug|x64.Build.0 = Debug|Any CPU
		{90FBF647-F23E-49E2-BC32-F77C0A3D2E29}.Debug|x86.ActiveCfg = Debug|Any CPU
		{90FBF647-F23E-49E2-BC32-F77C0A3D2E29}.Debug|x86.Build.0 = Debug|Any CPU
		{90FBF647-F23E-49E2-BC32-F77C0A3D2E29}.Release|Any CPU.ActiveCfg = Release|Any CPU
		{90FBF647-F23E-49E2-BC32-F77C0A3D2E29}.Release|Any CPU.Build.0 = Release|Any CPU
		{90FBF647-F23E-49E2-BC32-F77C0A3D2E29}.Release|x64.ActiveCfg = Release|Any CPU
		{90FBF647-F23E-49E2-BC32-F77C0A3D2E29}.Release|x64.Build.0 = Release|Any CPU
		{90FBF647-F23E-49E2-BC32-F77C0A3D2E29}.Release|x86.ActiveCfg = Release|Any CPU
		{90FBF647-F23E-49E2-BC32-F77C0A3D2E29}.Release|x86.Build.0 = Release|Any CPU
		{5D0E076F-9C1C-4990-9242-4F7E7C66A045}.Debug|Any CPU.ActiveCfg = Debug|Any CPU
		{5D0E076F-9C1C-4990-9242-4F7E7C66A045}.Debug|Any CPU.Build.0 = Debug|Any CPU
		{5D0E076F-9C1C-4990-9242-4F7E7C66A045}.Debug|x64.ActiveCfg = Debug|Any CPU
		{5D0E076F-9C1C-4990-9242-4F7E7C66A045}.Debug|x64.Build.0 = Debug|Any CPU
		{5D0E076F-9C1C-4990-9242-4F7E7C66A045}.Debug|x86.ActiveCfg = Debug|Any CPU
		{5D0E076F-9C1C-4990-9242-4F7E7C66A045}.Debug|x86.Build.0 = Debug|Any CPU
		{5D0E076F-9C1C-4990-9242-4F7E7C66A045}.Release|Any CPU.ActiveCfg = Release|Any CPU
		{5D0E076F-9C1C-4990-9242-4F7E7C66A045}.Release|Any CPU.Build.0 = Release|Any CPU
		{5D0E076F-9C1C-4990-9242-4F7E7C66A045}.Release|x64.ActiveCfg = Release|Any CPU
		{5D0E076F-9C1C-4990-9242-4F7E7C66A045}.Release|x64.Build.0 = Release|Any CPU
		{5D0E076F-9C1C-4990-9242-4F7E7C66A045}.Release|x86.ActiveCfg = Release|Any CPU
		{5D0E076F-9C1C-4990-9242-4F7E7C66A045}.Release|x86.Build.0 = Release|Any CPU
		{F32EB7C1-AD5B-44AE-941F-08339482B581}.Debug|Any CPU.ActiveCfg = Debug|Any CPU
		{F32EB7C1-AD5B-44AE-941F-08339482B581}.Debug|Any CPU.Build.0 = Debug|Any CPU
		{F32EB7C1-AD5B-44AE-941F-08339482B581}.Debug|x64.ActiveCfg = Debug|Any CPU
		{F32EB7C1-AD5B-44AE-941F-08339482B581}.Debug|x64.Build.0 = Debug|Any CPU
		{F32EB7C1-AD5B-44AE-941F-08339482B581}.Debug|x86.ActiveCfg = Debug|Any CPU
		{F32EB7C1-AD5B-44AE-941F-08339482B581}.Debug|x86.Build.0 = Debug|Any CPU
		{F32EB7C1-AD5B-44AE-941F-08339482B581}.Release|Any CPU.ActiveCfg = Release|Any CPU
		{F32EB7C1-AD5B-44AE-941F-08339482B581}.Release|Any CPU.Build.0 = Release|Any CPU
		{F32EB7C1-AD5B-44AE-941F-08339482B581}.Release|x64.ActiveCfg = Release|Any CPU
		{F32EB7C1-AD5B-44AE-941F-08339482B581}.Release|x64.Build.0 = Release|Any CPU
		{F32EB7C1-AD5B-44AE-941F-08339482B581}.Release|x86.ActiveCfg = Release|Any CPU
		{F32EB7C1-AD5B-44AE-941F-08339482B581}.Release|x86.Build.0 = Release|Any CPU
		{33C87985-D6A0-4C60-A7FD-55553DB4D3BB}.Debug|Any CPU.ActiveCfg = Debug|Any CPU
		{33C87985-D6A0-4C60-A7FD-55553DB4D3BB}.Debug|Any CPU.Build.0 = Debug|Any CPU
		{33C87985-D6A0-4C60-A7FD-55553DB4D3BB}.Debug|x64.ActiveCfg = Debug|Any CPU
		{33C87985-D6A0-4C60-A7FD-55553DB4D3BB}.Debug|x64.Build.0 = Debug|Any CPU
		{33C87985-D6A0-4C60-A7FD-55553DB4D3BB}.Debug|x86.ActiveCfg = Debug|Any CPU
		{33C87985-D6A0-4C60-A7FD-55553DB4D3BB}.Debug|x86.Build.0 = Debug|Any CPU
		{33C87985-D6A0-4C60-A7FD-55553DB4D3BB}.Release|Any CPU.ActiveCfg = Release|Any CPU
		{33C87985-D6A0-4C60-A7FD-55553DB4D3BB}.Release|Any CPU.Build.0 = Release|Any CPU
		{33C87985-D6A0-4C60-A7FD-55553DB4D3BB}.Release|x64.ActiveCfg = Release|Any CPU
		{33C87985-D6A0-4C60-A7FD-55553DB4D3BB}.Release|x64.Build.0 = Release|Any CPU
		{33C87985-D6A0-4C60-A7FD-55553DB4D3BB}.Release|x86.ActiveCfg = Release|Any CPU
		{33C87985-D6A0-4C60-A7FD-55553DB4D3BB}.Release|x86.Build.0 = Release|Any CPU
		{21A4B753-80B6-426E-B09F-0E6BB307B139}.Debug|Any CPU.ActiveCfg = Debug|Any CPU
		{21A4B753-80B6-426E-B09F-0E6BB307B139}.Debug|Any CPU.Build.0 = Debug|Any CPU
		{21A4B753-80B6-426E-B09F-0E6BB307B139}.Debug|x64.ActiveCfg = Debug|Any CPU
		{21A4B753-80B6-426E-B09F-0E6BB307B139}.Debug|x64.Build.0 = Debug|Any CPU
		{21A4B753-80B6-426E-B09F-0E6BB307B139}.Debug|x86.ActiveCfg = Debug|Any CPU
		{21A4B753-80B6-426E-B09F-0E6BB307B139}.Debug|x86.Build.0 = Debug|Any CPU
		{21A4B753-80B6-426E-B09F-0E6BB307B139}.Release|Any CPU.ActiveCfg = Release|Any CPU
		{21A4B753-80B6-426E-B09F-0E6BB307B139}.Release|Any CPU.Build.0 = Release|Any CPU
		{21A4B753-80B6-426E-B09F-0E6BB307B139}.Release|x64.ActiveCfg = Release|Any CPU
		{21A4B753-80B6-426E-B09F-0E6BB307B139}.Release|x64.Build.0 = Release|Any CPU
		{21A4B753-80B6-426E-B09F-0E6BB307B139}.Release|x86.ActiveCfg = Release|Any CPU
		{21A4B753-80B6-426E-B09F-0E6BB307B139}.Release|x86.Build.0 = Release|Any CPU
		{4BB64354-8263-4288-B62D-635DAF26BE16}.Debug|Any CPU.ActiveCfg = Debug|Any CPU
		{4BB64354-8263-4288-B62D-635DAF26BE16}.Debug|Any CPU.Build.0 = Debug|Any CPU
		{4BB64354-8263-4288-B62D-635DAF26BE16}.Debug|x64.ActiveCfg = Debug|Any CPU
		{4BB64354-8263-4288-B62D-635DAF26BE16}.Debug|x64.Build.0 = Debug|Any CPU
		{4BB64354-8263-4288-B62D-635DAF26BE16}.Debug|x86.ActiveCfg = Debug|Any CPU
		{4BB64354-8263-4288-B62D-635DAF26BE16}.Debug|x86.Build.0 = Debug|Any CPU
		{4BB64354-8263-4288-B62D-635DAF26BE16}.Release|Any CPU.ActiveCfg = Release|Any CPU
		{4BB64354-8263-4288-B62D-635DAF26BE16}.Release|Any CPU.Build.0 = Release|Any CPU
		{4BB64354-8263-4288-B62D-635DAF26BE16}.Release|x64.ActiveCfg = Release|Any CPU
		{4BB64354-8263-4288-B62D-635DAF26BE16}.Release|x64.Build.0 = Release|Any CPU
		{4BB64354-8263-4288-B62D-635DAF26BE16}.Release|x86.ActiveCfg = Release|Any CPU
		{4BB64354-8263-4288-B62D-635DAF26BE16}.Release|x86.Build.0 = Release|Any CPU
		{D594F7E6-87BB-47C2-8701-1D976E38183B}.Debug|Any CPU.ActiveCfg = Debug|Any CPU
		{D594F7E6-87BB-47C2-8701-1D976E38183B}.Debug|Any CPU.Build.0 = Debug|Any CPU
		{D594F7E6-87BB-47C2-8701-1D976E38183B}.Debug|x64.ActiveCfg = Debug|Any CPU
		{D594F7E6-87BB-47C2-8701-1D976E38183B}.Debug|x64.Build.0 = Debug|Any CPU
		{D594F7E6-87BB-47C2-8701-1D976E38183B}.Debug|x86.ActiveCfg = Debug|Any CPU
		{D594F7E6-87BB-47C2-8701-1D976E38183B}.Debug|x86.Build.0 = Debug|Any CPU
		{D594F7E6-87BB-47C2-8701-1D976E38183B}.Release|Any CPU.ActiveCfg = Release|Any CPU
		{D594F7E6-87BB-47C2-8701-1D976E38183B}.Release|Any CPU.Build.0 = Release|Any CPU
		{D594F7E6-87BB-47C2-8701-1D976E38183B}.Release|x64.ActiveCfg = Release|Any CPU
		{D594F7E6-87BB-47C2-8701-1D976E38183B}.Release|x64.Build.0 = Release|Any CPU
		{D594F7E6-87BB-47C2-8701-1D976E38183B}.Release|x86.ActiveCfg = Release|Any CPU
		{D594F7E6-87BB-47C2-8701-1D976E38183B}.Release|x86.Build.0 = Release|Any CPU
		{7C03D0B0-0F25-4AE4-A1EC-4944FDD49D59}.Debug|Any CPU.ActiveCfg = Debug|Any CPU
		{7C03D0B0-0F25-4AE4-A1EC-4944FDD49D59}.Debug|Any CPU.Build.0 = Debug|Any CPU
		{7C03D0B0-0F25-4AE4-A1EC-4944FDD49D59}.Debug|x64.ActiveCfg = Debug|Any CPU
		{7C03D0B0-0F25-4AE4-A1EC-4944FDD49D59}.Debug|x64.Build.0 = Debug|Any CPU
		{7C03D0B0-0F25-4AE4-A1EC-4944FDD49D59}.Debug|x86.ActiveCfg = Debug|Any CPU
		{7C03D0B0-0F25-4AE4-A1EC-4944FDD49D59}.Debug|x86.Build.0 = Debug|Any CPU
		{7C03D0B0-0F25-4AE4-A1EC-4944FDD49D59}.Release|Any CPU.ActiveCfg = Release|Any CPU
		{7C03D0B0-0F25-4AE4-A1EC-4944FDD49D59}.Release|Any CPU.Build.0 = Release|Any CPU
		{7C03D0B0-0F25-4AE4-A1EC-4944FDD49D59}.Release|x64.ActiveCfg = Release|Any CPU
		{7C03D0B0-0F25-4AE4-A1EC-4944FDD49D59}.Release|x64.Build.0 = Release|Any CPU
		{7C03D0B0-0F25-4AE4-A1EC-4944FDD49D59}.Release|x86.ActiveCfg = Release|Any CPU
		{7C03D0B0-0F25-4AE4-A1EC-4944FDD49D59}.Release|x86.Build.0 = Release|Any CPU
	EndGlobalSection
	GlobalSection(SolutionProperties) = preSolution
		HideSolutionNode = FALSE
	EndGlobalSection
	GlobalSection(ExtensibilityGlobals) = postSolution
		SolutionGuid = {C5CF2DA7-55B1-4976-8D91-97F020509138}
	EndGlobalSection
EndGlobal
