
Microsoft Visual Studio Solution File, Format Version 12.00
# Visual Studio Version 16
VisualStudioVersion = 16.0.28822.285
MinimumVisualStudioVersion = 10.0.40219.1
Project("{FAE04EC0-301F-11D3-BF4B-00C04F79EFBC}") = "SporeMods.Manager", "SporeMods.Manager\SporeMods.Manager.csproj", "{90FBF647-F23E-49E2-BC32-F77C0A3D2E29}"
	ProjectSection(ProjectDependencies) = postProject
		{33C87985-D6A0-4C60-A7FD-55553DB4D3BB} = {33C87985-D6A0-4C60-A7FD-55553DB4D3BB}
		{F32EB7C1-AD5B-44AE-941F-08339482B581} = {F32EB7C1-AD5B-44AE-941F-08339482B581}
	EndProjectSection
EndProject
Project("{FAE04EC0-301F-11D3-BF4B-00C04F79EFBC}") = "SporeMods.Core", "SporeMods.Core\SporeMods.Core.csproj", "{5D0E076F-9C1C-4990-9242-4F7E7C66A045}"
EndProject
Project("{FAE04EC0-301F-11D3-BF4B-00C04F79EFBC}") = "SporeMods.Launcher", "SporeMods.Launcher\SporeMods.Launcher.csproj", "{F32EB7C1-AD5B-44AE-941F-08339482B581}"
	ProjectSection(ProjectDependencies) = postProject
		{21A4B753-80B6-426E-B09F-0E6BB307B139} = {21A4B753-80B6-426E-B09F-0E6BB307B139}
	EndProjectSection
EndProject
Project("{FAE04EC0-301F-11D3-BF4B-00C04F79EFBC}") = "SporeMods.DragServant", "SporeMods.DragServant\SporeMods.DragServant.csproj", "{33C87985-D6A0-4C60-A7FD-55553DB4D3BB}"
EndProject
Project("{2150E333-8FDC-42A3-9474-1A3956D46DE8}") = "Mechanism-for-WPF", "Mechanism-for-WPF", "{50148215-C60A-40D7-B59B-8BBE7CB7B6FE}"
EndProject
Project("{9A19103F-16F7-4668-BE54-9A1E7A4F7556}") = "Mechanism.Wpf.Core", "Mechanism-for-WPF\Mechanism.Wpf.Core\Mechanism.Wpf.Core.csproj", "{727669AC-3F83-41E1-AEFD-13A8F0C1FDAD}"
EndProject
Project("{9A19103F-16F7-4668-BE54-9A1E7A4F7556}") = "Mechanism.Wpf.Styles.Shale", "Mechanism-for-WPF\Themes\Shale\Mechanism.Wpf.Styles.Shale.csproj", "{1648A481-D3D4-49AC-B415-40AD57FEA938}"
EndProject
Project("{9A19103F-16F7-4668-BE54-9A1E7A4F7556}") = "Mechanism.Wpf.Showcase", "Mechanism-for-WPF\Mechanism.Wpf.Showcase\Mechanism.Wpf.Showcase.csproj", "{B0B761A2-A933-4914-989F-D2FCABB8A7D7}"
EndProject
Project("{FAE04EC0-301F-11D3-BF4B-00C04F79EFBC}") = "SporeMods.CommonUI", "SporeMods.CommonUI\SporeMods.CommonUI.csproj", "{21A4B753-80B6-426E-B09F-0E6BB307B139}"
EndProject
Project("{FAE04EC0-301F-11D3-BF4B-00C04F79EFBC}") = "SporeMods.KitImporter", "SporeMods.KitImporter\SporeMods.KitImporter.csproj", "{4BB64354-8263-4288-B62D-635DAF26BE16}"
EndProject
Project("{FAE04EC0-301F-11D3-BF4B-00C04F79EFBC}") = "SporeMods.Setup", "SporeMods.Setup\SporeMods.Setup.csproj", "{D594F7E6-87BB-47C2-8701-1D976E38183B}"
	ProjectSection(ProjectDependencies) = postProject
		{90FBF647-F23E-49E2-BC32-F77C0A3D2E29} = {90FBF647-F23E-49E2-BC32-F77C0A3D2E29}
		{21A4B753-80B6-426E-B09F-0E6BB307B139} = {21A4B753-80B6-426E-B09F-0E6BB307B139}
		{4BB64354-8263-4288-B62D-635DAF26BE16} = {4BB64354-8263-4288-B62D-635DAF26BE16}
		{5D0E076F-9C1C-4990-9242-4F7E7C66A045} = {5D0E076F-9C1C-4990-9242-4F7E7C66A045}
		{1648A481-D3D4-49AC-B415-40AD57FEA938} = {1648A481-D3D4-49AC-B415-40AD57FEA938}
		{33C87985-D6A0-4C60-A7FD-55553DB4D3BB} = {33C87985-D6A0-4C60-A7FD-55553DB4D3BB}
		{727669AC-3F83-41E1-AEFD-13A8F0C1FDAD} = {727669AC-3F83-41E1-AEFD-13A8F0C1FDAD}
		{F32EB7C1-AD5B-44AE-941F-08339482B581} = {F32EB7C1-AD5B-44AE-941F-08339482B581}
	EndProjectSection
EndProject
Global
	GlobalSection(SolutionConfigurationPlatforms) = preSolution
		Debug|Any CPU = Debug|Any CPU
		Release|Any CPU = Release|Any CPU
	EndGlobalSection
	GlobalSection(ProjectConfigurationPlatforms) = postSolution
		{90FBF647-F23E-49E2-BC32-F77C0A3D2E29}.Debug|Any CPU.ActiveCfg = Debug|Any CPU
		{90FBF647-F23E-49E2-BC32-F77C0A3D2E29}.Debug|Any CPU.Build.0 = Debug|Any CPU
		{90FBF647-F23E-49E2-BC32-F77C0A3D2E29}.Release|Any CPU.ActiveCfg = Release|Any CPU
		{90FBF647-F23E-49E2-BC32-F77C0A3D2E29}.Release|Any CPU.Build.0 = Release|Any CPU
		{5D0E076F-9C1C-4990-9242-4F7E7C66A045}.Debug|Any CPU.ActiveCfg = Debug|Any CPU
		{5D0E076F-9C1C-4990-9242-4F7E7C66A045}.Debug|Any CPU.Build.0 = Debug|Any CPU
		{5D0E076F-9C1C-4990-9242-4F7E7C66A045}.Release|Any CPU.ActiveCfg = Release|Any CPU
		{5D0E076F-9C1C-4990-9242-4F7E7C66A045}.Release|Any CPU.Build.0 = Release|Any CPU
		{F32EB7C1-AD5B-44AE-941F-08339482B581}.Debug|Any CPU.ActiveCfg = Debug|Any CPU
		{F32EB7C1-AD5B-44AE-941F-08339482B581}.Debug|Any CPU.Build.0 = Debug|Any CPU
		{F32EB7C1-AD5B-44AE-941F-08339482B581}.Release|Any CPU.ActiveCfg = Release|Any CPU
		{F32EB7C1-AD5B-44AE-941F-08339482B581}.Release|Any CPU.Build.0 = Release|Any CPU
		{33C87985-D6A0-4C60-A7FD-55553DB4D3BB}.Debug|Any CPU.ActiveCfg = Debug|Any CPU
		{33C87985-D6A0-4C60-A7FD-55553DB4D3BB}.Debug|Any CPU.Build.0 = Debug|Any CPU
		{33C87985-D6A0-4C60-A7FD-55553DB4D3BB}.Release|Any CPU.ActiveCfg = Release|Any CPU
		{33C87985-D6A0-4C60-A7FD-55553DB4D3BB}.Release|Any CPU.Build.0 = Release|Any CPU
		{727669AC-3F83-41E1-AEFD-13A8F0C1FDAD}.Debug|Any CPU.ActiveCfg = Debug|Any CPU
		{727669AC-3F83-41E1-AEFD-13A8F0C1FDAD}.Debug|Any CPU.Build.0 = Debug|Any CPU
		{727669AC-3F83-41E1-AEFD-13A8F0C1FDAD}.Release|Any CPU.ActiveCfg = Release|Any CPU
		{727669AC-3F83-41E1-AEFD-13A8F0C1FDAD}.Release|Any CPU.Build.0 = Release|Any CPU
		{1648A481-D3D4-49AC-B415-40AD57FEA938}.Debug|Any CPU.ActiveCfg = Debug|Any CPU
		{1648A481-D3D4-49AC-B415-40AD57FEA938}.Debug|Any CPU.Build.0 = Debug|Any CPU
		{1648A481-D3D4-49AC-B415-40AD57FEA938}.Release|Any CPU.ActiveCfg = Release|Any CPU
		{1648A481-D3D4-49AC-B415-40AD57FEA938}.Release|Any CPU.Build.0 = Release|Any CPU
		{B0B761A2-A933-4914-989F-D2FCABB8A7D7}.Debug|Any CPU.ActiveCfg = Debug|Any CPU
		{B0B761A2-A933-4914-989F-D2FCABB8A7D7}.Debug|Any CPU.Build.0 = Debug|Any CPU
		{B0B761A2-A933-4914-989F-D2FCABB8A7D7}.Release|Any CPU.ActiveCfg = Release|Any CPU
		{B0B761A2-A933-4914-989F-D2FCABB8A7D7}.Release|Any CPU.Build.0 = Release|Any CPU
		{21A4B753-80B6-426E-B09F-0E6BB307B139}.Debug|Any CPU.ActiveCfg = Debug|Any CPU
		{21A4B753-80B6-426E-B09F-0E6BB307B139}.Debug|Any CPU.Build.0 = Debug|Any CPU
		{21A4B753-80B6-426E-B09F-0E6BB307B139}.Release|Any CPU.ActiveCfg = Release|Any CPU
		{21A4B753-80B6-426E-B09F-0E6BB307B139}.Release|Any CPU.Build.0 = Release|Any CPU
		{4BB64354-8263-4288-B62D-635DAF26BE16}.Debug|Any CPU.ActiveCfg = Debug|Any CPU
		{4BB64354-8263-4288-B62D-635DAF26BE16}.Debug|Any CPU.Build.0 = Debug|Any CPU
		{4BB64354-8263-4288-B62D-635DAF26BE16}.Release|Any CPU.ActiveCfg = Release|Any CPU
		{4BB64354-8263-4288-B62D-635DAF26BE16}.Release|Any CPU.Build.0 = Release|Any CPU
		{D594F7E6-87BB-47C2-8701-1D976E38183B}.Debug|Any CPU.ActiveCfg = Debug|Any CPU
		{D594F7E6-87BB-47C2-8701-1D976E38183B}.Debug|Any CPU.Build.0 = Debug|Any CPU
		{D594F7E6-87BB-47C2-8701-1D976E38183B}.Release|Any CPU.ActiveCfg = Release|Any CPU
		{D594F7E6-87BB-47C2-8701-1D976E38183B}.Release|Any CPU.Build.0 = Release|Any CPU
	EndGlobalSection
	GlobalSection(SolutionProperties) = preSolution
		HideSolutionNode = FALSE
	EndGlobalSection
	GlobalSection(NestedProjects) = preSolution
		{727669AC-3F83-41E1-AEFD-13A8F0C1FDAD} = {50148215-C60A-40D7-B59B-8BBE7CB7B6FE}
		{1648A481-D3D4-49AC-B415-40AD57FEA938} = {50148215-C60A-40D7-B59B-8BBE7CB7B6FE}
		{B0B761A2-A933-4914-989F-D2FCABB8A7D7} = {50148215-C60A-40D7-B59B-8BBE7CB7B6FE}
	EndGlobalSection
	GlobalSection(ExtensibilityGlobals) = postSolution
		SolutionGuid = {C5CF2DA7-55B1-4976-8D91-97F020509138}
	EndGlobalSection
EndGlobal
