
Microsoft Visual Studio Solution File, Format Version 12.00
# Visual Studio Version 16
VisualStudioVersion = 16.0.28822.285
MinimumVisualStudioVersion = 10.0.40219.1
Project("{9A19103F-16F7-4668-BE54-9A1E7A4F7556}") = "SporeMods.Manager", "SporeMods.Manager\SporeMods.Manager.csproj", "{90FBF647-F23E-49E2-BC32-F77C0A3D2E29}"
	ProjectSection(ProjectDependencies) = postProject
		{F32EB7C1-AD5B-44AE-941F-08339482B581} = {F32EB7C1-AD5B-44AE-941F-08339482B581}
		{E1B252F3-1D75-4206-9ABD-A0606C9AABC2} = {E1B252F3-1D75-4206-9ABD-A0606C9AABC2}
	EndProjectSection
EndProject
Project("{9A19103F-16F7-4668-BE54-9A1E7A4F7556}") = "SporeMods.Core", "SporeMods.Core\SporeMods.Core.csproj", "{5D0E076F-9C1C-4990-9242-4F7E7C66A045}"
EndProject
Project("{9A19103F-16F7-4668-BE54-9A1E7A4F7556}") = "SporeMods.Launcher", "SporeMods.Launcher\SporeMods.Launcher.csproj", "{F32EB7C1-AD5B-44AE-941F-08339482B581}"
EndProject
Project("{9A19103F-16F7-4668-BE54-9A1E7A4F7556}") = "SporeMods.KitImporter", "SporeMods.KitImporter\SporeMods.KitImporter.csproj", "{4BB64354-8263-4288-B62D-635DAF26BE16}"
EndProject
Project("{2150E333-8FDC-42A3-9474-1A3956D46DE8}") = "External", "External", "{245D1D8F-381F-48A4-A425-E82BA93B338E}"
EndProject
Project("{2150E333-8FDC-42A3-9474-1A3956D46DE8}") = "Installer", "Installer", "{59083895-08C4-46C4-BC5B-D9D3CBF35EB9}"
EndProject
Project("{9A19103F-16F7-4668-BE54-9A1E7A4F7556}") = "Mechanism.Wpf.Core", "External\Mechanism\Mechanism.Wpf.Core\Mechanism.Wpf.Core.csproj", "{E9878F58-DBC9-474D-8B29-319ABFC26B80}"
EndProject
Project("{9A19103F-16F7-4668-BE54-9A1E7A4F7556}") = "Mechanism.Wpf.Styles.Shale", "External\Mechanism\Mechanism.Wpf.Styles.Shale\Mechanism.Wpf.Styles.Shale.csproj", "{F2EB3E69-ED7E-4340-A07F-ADE2303D45A0}"
EndProject
Project("{9A19103F-16F7-4668-BE54-9A1E7A4F7556}") = "SporeMods.LauncherKitBootstrapper", "Installer\SporeMods.LauncherKitBootstrapper\SporeMods.LauncherKitBootstrapper.csproj", "{A68DADA2-B61F-4FE9-ACED-55AD0C971F11}"
EndProject
Project("{2150E333-8FDC-42A3-9474-1A3956D46DE8}") = "Mechanism", "Mechanism", "{D2F293A8-239B-492E-AFA2-F19454223BAC}"
EndProject
Project("{9A19103F-16F7-4668-BE54-9A1E7A4F7556}") = "SporeMods.CommonUI", "SporeMods.CommonUI\SporeMods.CommonUI.csproj", "{6961DB5B-E40F-40D2-952A-0F17B367A48A}"
EndProject
Project("{9A19103F-16F7-4668-BE54-9A1E7A4F7556}") = "SporeMods.UacMessenger", "SporeMods.UacMessenger\SporeMods.UacMessenger.csproj", "{E1B252F3-1D75-4206-9ABD-A0606C9AABC2}"
EndProject
Project("{9A19103F-16F7-4668-BE54-9A1E7A4F7556}") = "SporeMods.Setup", "Installer\SporeMods.Setup\SporeMods.Setup.csproj", "{E50DFE9A-8D15-4CAF-B8C1-2F5F150DB82E}"
EndProject
Project("{2150E333-8FDC-42A3-9474-1A3956D46DE8}") = "App", "App", "{5474E224-1FB8-42A8-8980-BE6742B33328}"
EndProject
Project("{9A19103F-16F7-4668-BE54-9A1E7A4F7556}") = "SporeMods.BaseTypes", "SporeMods.BaseTypes\SporeMods.BaseTypes.csproj", "{C49C8BF0-6D3F-4D3E-ADC0-F7D978AF788F}"
EndProject
Project("{9A19103F-16F7-4668-BE54-9A1E7A4F7556}") = "SporeMods.TestingGrounds", "SporeMods.TestingGrounds\SporeMods.TestingGrounds.csproj", "{38892148-2746-4EA3-BA3C-1317A5ACCC58}"
	ProjectSection(ProjectDependencies) = postProject
		{C49C8BF0-6D3F-4D3E-ADC0-F7D978AF788F} = {C49C8BF0-6D3F-4D3E-ADC0-F7D978AF788F}
	EndProjectSection
EndProject
Global
	GlobalSection(SolutionConfigurationPlatforms) = preSolution
		Debug|Any CPU = Debug|Any CPU
		Debug|x64 = Debug|x64
		Debug|x86 = Debug|x86
		Release|Any CPU = Release|Any CPU
		Release|x64 = Release|x64
		Release|x86 = Release|x86
	EndGlobalSection
	GlobalSection(ProjectConfigurationPlatforms) = postSolution
		{90FBF647-F23E-49E2-BC32-F77C0A3D2E29}.Debug|Any CPU.ActiveCfg = Debug|Any CPU
		{90FBF647-F23E-49E2-BC32-F77C0A3D2E29}.Debug|Any CPU.Build.0 = Debug|Any CPU
		{90FBF647-F23E-49E2-BC32-F77C0A3D2E29}.Debug|x64.ActiveCfg = Debug|Any CPU
		{90FBF647-F23E-49E2-BC32-F77C0A3D2E29}.Debug|x64.Build.0 = Debug|Any CPU
		{90FBF647-F23E-49E2-BC32-F77C0A3D2E29}.Debug|x86.ActiveCfg = Debug|Any CPU
		{90FBF647-F23E-49E2-BC32-F77C0A3D2E29}.Debug|x86.Build.0 = Debug|Any CPU
		{90FBF647-F23E-49E2-BC32-F77C0A3D2E29}.Release|Any CPU.ActiveCfg = Release|Any CPU
		{90FBF647-F23E-49E2-BC32-F77C0A3D2E29}.Release|Any CPU.Build.0 = Release|Any CPU
		{90FBF647-F23E-49E2-BC32-F77C0A3D2E29}.Release|x64.ActiveCfg = Release|Any CPU
		{90FBF647-F23E-49E2-BC32-F77C0A3D2E29}.Release|x64.Build.0 = Release|Any CPU
		{90FBF647-F23E-49E2-BC32-F77C0A3D2E29}.Release|x86.ActiveCfg = Release|Any CPU
		{90FBF647-F23E-49E2-BC32-F77C0A3D2E29}.Release|x86.Build.0 = Release|Any CPU
		{5D0E076F-9C1C-4990-9242-4F7E7C66A045}.Debug|Any CPU.ActiveCfg = Debug|Any CPU
		{5D0E076F-9C1C-4990-9242-4F7E7C66A045}.Debug|Any CPU.Build.0 = Debug|Any CPU
		{5D0E076F-9C1C-4990-9242-4F7E7C66A045}.Debug|x64.ActiveCfg = Debug|Any CPU
		{5D0E076F-9C1C-4990-9242-4F7E7C66A045}.Debug|x64.Build.0 = Debug|Any CPU
		{5D0E076F-9C1C-4990-9242-4F7E7C66A045}.Debug|x86.ActiveCfg = Debug|Any CPU
		{5D0E076F-9C1C-4990-9242-4F7E7C66A045}.Debug|x86.Build.0 = Debug|Any CPU
		{5D0E076F-9C1C-4990-9242-4F7E7C66A045}.Release|Any CPU.ActiveCfg = Release|Any CPU
		{5D0E076F-9C1C-4990-9242-4F7E7C66A045}.Release|Any CPU.Build.0 = Release|Any CPU
		{5D0E076F-9C1C-4990-9242-4F7E7C66A045}.Release|x64.ActiveCfg = Release|Any CPU
		{5D0E076F-9C1C-4990-9242-4F7E7C66A045}.Release|x64.Build.0 = Release|Any CPU
		{5D0E076F-9C1C-4990-9242-4F7E7C66A045}.Release|x86.ActiveCfg = Release|Any CPU
		{5D0E076F-9C1C-4990-9242-4F7E7C66A045}.Release|x86.Build.0 = Release|Any CPU
		{F32EB7C1-AD5B-44AE-941F-08339482B581}.Debug|Any CPU.ActiveCfg = Debug|Any CPU
		{F32EB7C1-AD5B-44AE-941F-08339482B581}.Debug|Any CPU.Build.0 = Debug|Any CPU
		{F32EB7C1-AD5B-44AE-941F-08339482B581}.Debug|x64.ActiveCfg = Debug|Any CPU
		{F32EB7C1-AD5B-44AE-941F-08339482B581}.Debug|x64.Build.0 = Debug|Any CPU
		{F32EB7C1-AD5B-44AE-941F-08339482B581}.Debug|x86.ActiveCfg = Debug|Any CPU
		{F32EB7C1-AD5B-44AE-941F-08339482B581}.Debug|x86.Build.0 = Debug|Any CPU
		{F32EB7C1-AD5B-44AE-941F-08339482B581}.Release|Any CPU.ActiveCfg = Release|Any CPU
		{F32EB7C1-AD5B-44AE-941F-08339482B581}.Release|Any CPU.Build.0 = Release|Any CPU
		{F32EB7C1-AD5B-44AE-941F-08339482B581}.Release|x64.ActiveCfg = Release|Any CPU
		{F32EB7C1-AD5B-44AE-941F-08339482B581}.Release|x64.Build.0 = Release|Any CPU
		{F32EB7C1-AD5B-44AE-941F-08339482B581}.Release|x86.ActiveCfg = Release|Any CPU
		{F32EB7C1-AD5B-44AE-941F-08339482B581}.Release|x86.Build.0 = Release|Any CPU
		{4BB64354-8263-4288-B62D-635DAF26BE16}.Debug|Any CPU.ActiveCfg = Debug|Any CPU
		{4BB64354-8263-4288-B62D-635DAF26BE16}.Debug|Any CPU.Build.0 = Debug|Any CPU
		{4BB64354-8263-4288-B62D-635DAF26BE16}.Debug|x64.ActiveCfg = Debug|Any CPU
		{4BB64354-8263-4288-B62D-635DAF26BE16}.Debug|x64.Build.0 = Debug|Any CPU
		{4BB64354-8263-4288-B62D-635DAF26BE16}.Debug|x86.ActiveCfg = Debug|Any CPU
		{4BB64354-8263-4288-B62D-635DAF26BE16}.Debug|x86.Build.0 = Debug|Any CPU
		{4BB64354-8263-4288-B62D-635DAF26BE16}.Release|Any CPU.ActiveCfg = Release|Any CPU
		{4BB64354-8263-4288-B62D-635DAF26BE16}.Release|Any CPU.Build.0 = Release|Any CPU
		{4BB64354-8263-4288-B62D-635DAF26BE16}.Release|x64.ActiveCfg = Release|Any CPU
		{4BB64354-8263-4288-B62D-635DAF26BE16}.Release|x64.Build.0 = Release|Any CPU
		{4BB64354-8263-4288-B62D-635DAF26BE16}.Release|x86.ActiveCfg = Release|Any CPU
		{4BB64354-8263-4288-B62D-635DAF26BE16}.Release|x86.Build.0 = Release|Any CPU
		{E9878F58-DBC9-474D-8B29-319ABFC26B80}.Debug|Any CPU.ActiveCfg = Debug|Any CPU
		{E9878F58-DBC9-474D-8B29-319ABFC26B80}.Debug|Any CPU.Build.0 = Debug|Any CPU
		{E9878F58-DBC9-474D-8B29-319ABFC26B80}.Debug|x64.ActiveCfg = Debug|Any CPU
		{E9878F58-DBC9-474D-8B29-319ABFC26B80}.Debug|x64.Build.0 = Debug|Any CPU
		{E9878F58-DBC9-474D-8B29-319ABFC26B80}.Debug|x86.ActiveCfg = Debug|Any CPU
		{E9878F58-DBC9-474D-8B29-319ABFC26B80}.Debug|x86.Build.0 = Debug|Any CPU
		{E9878F58-DBC9-474D-8B29-319ABFC26B80}.Release|Any CPU.ActiveCfg = Release|Any CPU
		{E9878F58-DBC9-474D-8B29-319ABFC26B80}.Release|Any CPU.Build.0 = Release|Any CPU
		{E9878F58-DBC9-474D-8B29-319ABFC26B80}.Release|x64.ActiveCfg = Release|Any CPU
		{E9878F58-DBC9-474D-8B29-319ABFC26B80}.Release|x64.Build.0 = Release|Any CPU
		{E9878F58-DBC9-474D-8B29-319ABFC26B80}.Release|x86.ActiveCfg = Release|Any CPU
		{E9878F58-DBC9-474D-8B29-319ABFC26B80}.Release|x86.Build.0 = Release|Any CPU
		{F2EB3E69-ED7E-4340-A07F-ADE2303D45A0}.Debug|Any CPU.ActiveCfg = Debug|Any CPU
		{F2EB3E69-ED7E-4340-A07F-ADE2303D45A0}.Debug|Any CPU.Build.0 = Debug|Any CPU
		{F2EB3E69-ED7E-4340-A07F-ADE2303D45A0}.Debug|x64.ActiveCfg = Debug|Any CPU
		{F2EB3E69-ED7E-4340-A07F-ADE2303D45A0}.Debug|x64.Build.0 = Debug|Any CPU
		{F2EB3E69-ED7E-4340-A07F-ADE2303D45A0}.Debug|x86.ActiveCfg = Debug|Any CPU
		{F2EB3E69-ED7E-4340-A07F-ADE2303D45A0}.Debug|x86.Build.0 = Debug|Any CPU
		{F2EB3E69-ED7E-4340-A07F-ADE2303D45A0}.Release|Any CPU.ActiveCfg = Release|Any CPU
		{F2EB3E69-ED7E-4340-A07F-ADE2303D45A0}.Release|Any CPU.Build.0 = Release|Any CPU
		{F2EB3E69-ED7E-4340-A07F-ADE2303D45A0}.Release|x64.ActiveCfg = Release|Any CPU
		{F2EB3E69-ED7E-4340-A07F-ADE2303D45A0}.Release|x64.Build.0 = Release|Any CPU
		{F2EB3E69-ED7E-4340-A07F-ADE2303D45A0}.Release|x86.ActiveCfg = Release|Any CPU
		{F2EB3E69-ED7E-4340-A07F-ADE2303D45A0}.Release|x86.Build.0 = Release|Any CPU
		{A68DADA2-B61F-4FE9-ACED-55AD0C971F11}.Debug|Any CPU.ActiveCfg = Debug|Any CPU
		{A68DADA2-B61F-4FE9-ACED-55AD0C971F11}.Debug|Any CPU.Build.0 = Debug|Any CPU
		{A68DADA2-B61F-4FE9-ACED-55AD0C971F11}.Debug|x64.ActiveCfg = Debug|Any CPU
		{A68DADA2-B61F-4FE9-ACED-55AD0C971F11}.Debug|x64.Build.0 = Debug|Any CPU
		{A68DADA2-B61F-4FE9-ACED-55AD0C971F11}.Debug|x86.ActiveCfg = Debug|Any CPU
		{A68DADA2-B61F-4FE9-ACED-55AD0C971F11}.Debug|x86.Build.0 = Debug|Any CPU
		{A68DADA2-B61F-4FE9-ACED-55AD0C971F11}.Release|Any CPU.ActiveCfg = Release|Any CPU
		{A68DADA2-B61F-4FE9-ACED-55AD0C971F11}.Release|Any CPU.Build.0 = Release|Any CPU
		{A68DADA2-B61F-4FE9-ACED-55AD0C971F11}.Release|x64.ActiveCfg = Release|Any CPU
		{A68DADA2-B61F-4FE9-ACED-55AD0C971F11}.Release|x64.Build.0 = Release|Any CPU
		{A68DADA2-B61F-4FE9-ACED-55AD0C971F11}.Release|x86.ActiveCfg = Release|Any CPU
		{A68DADA2-B61F-4FE9-ACED-55AD0C971F11}.Release|x86.Build.0 = Release|Any CPU
		{6961DB5B-E40F-40D2-952A-0F17B367A48A}.Debug|Any CPU.ActiveCfg = Debug|Any CPU
		{6961DB5B-E40F-40D2-952A-0F17B367A48A}.Debug|Any CPU.Build.0 = Debug|Any CPU
		{6961DB5B-E40F-40D2-952A-0F17B367A48A}.Debug|x64.ActiveCfg = Debug|Any CPU
		{6961DB5B-E40F-40D2-952A-0F17B367A48A}.Debug|x64.Build.0 = Debug|Any CPU
		{6961DB5B-E40F-40D2-952A-0F17B367A48A}.Debug|x86.ActiveCfg = Debug|Any CPU
		{6961DB5B-E40F-40D2-952A-0F17B367A48A}.Debug|x86.Build.0 = Debug|Any CPU
		{6961DB5B-E40F-40D2-952A-0F17B367A48A}.Release|Any CPU.ActiveCfg = Release|Any CPU
		{6961DB5B-E40F-40D2-952A-0F17B367A48A}.Release|Any CPU.Build.0 = Release|Any CPU
		{6961DB5B-E40F-40D2-952A-0F17B367A48A}.Release|x64.ActiveCfg = Release|Any CPU
		{6961DB5B-E40F-40D2-952A-0F17B367A48A}.Release|x64.Build.0 = Release|Any CPU
		{6961DB5B-E40F-40D2-952A-0F17B367A48A}.Release|x86.ActiveCfg = Release|Any CPU
		{6961DB5B-E40F-40D2-952A-0F17B367A48A}.Release|x86.Build.0 = Release|Any CPU
		{E1B252F3-1D75-4206-9ABD-A0606C9AABC2}.Debug|Any CPU.ActiveCfg = Debug|Any CPU
		{E1B252F3-1D75-4206-9ABD-A0606C9AABC2}.Debug|Any CPU.Build.0 = Debug|Any CPU
		{E1B252F3-1D75-4206-9ABD-A0606C9AABC2}.Debug|x64.ActiveCfg = Debug|Any CPU
		{E1B252F3-1D75-4206-9ABD-A0606C9AABC2}.Debug|x64.Build.0 = Debug|Any CPU
		{E1B252F3-1D75-4206-9ABD-A0606C9AABC2}.Debug|x86.ActiveCfg = Debug|Any CPU
		{E1B252F3-1D75-4206-9ABD-A0606C9AABC2}.Debug|x86.Build.0 = Debug|Any CPU
		{E1B252F3-1D75-4206-9ABD-A0606C9AABC2}.Release|Any CPU.ActiveCfg = Release|Any CPU
		{E1B252F3-1D75-4206-9ABD-A0606C9AABC2}.Release|Any CPU.Build.0 = Release|Any CPU
		{E1B252F3-1D75-4206-9ABD-A0606C9AABC2}.Release|x64.ActiveCfg = Release|Any CPU
		{E1B252F3-1D75-4206-9ABD-A0606C9AABC2}.Release|x64.Build.0 = Release|Any CPU
		{E1B252F3-1D75-4206-9ABD-A0606C9AABC2}.Release|x86.ActiveCfg = Release|Any CPU
		{E1B252F3-1D75-4206-9ABD-A0606C9AABC2}.Release|x86.Build.0 = Release|Any CPU
		{E50DFE9A-8D15-4CAF-B8C1-2F5F150DB82E}.Debug|Any CPU.ActiveCfg = Debug|Any CPU
		{E50DFE9A-8D15-4CAF-B8C1-2F5F150DB82E}.Debug|Any CPU.Build.0 = Debug|Any CPU
		{E50DFE9A-8D15-4CAF-B8C1-2F5F150DB82E}.Debug|x64.ActiveCfg = Debug|Any CPU
		{E50DFE9A-8D15-4CAF-B8C1-2F5F150DB82E}.Debug|x64.Build.0 = Debug|Any CPU
		{E50DFE9A-8D15-4CAF-B8C1-2F5F150DB82E}.Debug|x86.ActiveCfg = Debug|Any CPU
		{E50DFE9A-8D15-4CAF-B8C1-2F5F150DB82E}.Debug|x86.Build.0 = Debug|Any CPU
		{E50DFE9A-8D15-4CAF-B8C1-2F5F150DB82E}.Release|Any CPU.ActiveCfg = Release|Any CPU
		{E50DFE9A-8D15-4CAF-B8C1-2F5F150DB82E}.Release|Any CPU.Build.0 = Release|Any CPU
		{E50DFE9A-8D15-4CAF-B8C1-2F5F150DB82E}.Release|x64.ActiveCfg = Release|Any CPU
		{E50DFE9A-8D15-4CAF-B8C1-2F5F150DB82E}.Release|x64.Build.0 = Release|Any CPU
		{E50DFE9A-8D15-4CAF-B8C1-2F5F150DB82E}.Release|x86.ActiveCfg = Release|Any CPU
		{E50DFE9A-8D15-4CAF-B8C1-2F5F150DB82E}.Release|x86.Build.0 = Release|Any CPU
		{C49C8BF0-6D3F-4D3E-ADC0-F7D978AF788F}.Debug|Any CPU.ActiveCfg = Debug|Any CPU
		{C49C8BF0-6D3F-4D3E-ADC0-F7D978AF788F}.Debug|Any CPU.Build.0 = Debug|Any CPU
		{C49C8BF0-6D3F-4D3E-ADC0-F7D978AF788F}.Debug|x64.ActiveCfg = Debug|Any CPU
		{C49C8BF0-6D3F-4D3E-ADC0-F7D978AF788F}.Debug|x64.Build.0 = Debug|Any CPU
		{C49C8BF0-6D3F-4D3E-ADC0-F7D978AF788F}.Debug|x86.ActiveCfg = Debug|Any CPU
		{C49C8BF0-6D3F-4D3E-ADC0-F7D978AF788F}.Debug|x86.Build.0 = Debug|Any CPU
		{C49C8BF0-6D3F-4D3E-ADC0-F7D978AF788F}.Release|Any CPU.ActiveCfg = Release|Any CPU
		{C49C8BF0-6D3F-4D3E-ADC0-F7D978AF788F}.Release|Any CPU.Build.0 = Release|Any CPU
		{C49C8BF0-6D3F-4D3E-ADC0-F7D978AF788F}.Release|x64.ActiveCfg = Release|Any CPU
		{C49C8BF0-6D3F-4D3E-ADC0-F7D978AF788F}.Release|x64.Build.0 = Release|Any CPU
		{C49C8BF0-6D3F-4D3E-ADC0-F7D978AF788F}.Release|x86.ActiveCfg = Release|Any CPU
		{C49C8BF0-6D3F-4D3E-ADC0-F7D978AF788F}.Release|x86.Build.0 = Release|Any CPU
		{38892148-2746-4EA3-BA3C-1317A5ACCC58}.Debug|Any CPU.ActiveCfg = Debug|Any CPU
		{38892148-2746-4EA3-BA3C-1317A5ACCC58}.Debug|Any CPU.Build.0 = Debug|Any CPU
		{38892148-2746-4EA3-BA3C-1317A5ACCC58}.Debug|x64.ActiveCfg = Debug|Any CPU
		{38892148-2746-4EA3-BA3C-1317A5ACCC58}.Debug|x64.Build.0 = Debug|Any CPU
		{38892148-2746-4EA3-BA3C-1317A5ACCC58}.Debug|x86.ActiveCfg = Debug|Any CPU
		{38892148-2746-4EA3-BA3C-1317A5ACCC58}.Debug|x86.Build.0 = Debug|Any CPU
		{38892148-2746-4EA3-BA3C-1317A5ACCC58}.Release|Any CPU.ActiveCfg = Release|Any CPU
		{38892148-2746-4EA3-BA3C-1317A5ACCC58}.Release|Any CPU.Build.0 = Release|Any CPU
		{38892148-2746-4EA3-BA3C-1317A5ACCC58}.Release|x64.ActiveCfg = Release|Any CPU
		{38892148-2746-4EA3-BA3C-1317A5ACCC58}.Release|x64.Build.0 = Release|Any CPU
		{38892148-2746-4EA3-BA3C-1317A5ACCC58}.Release|x86.ActiveCfg = Release|Any CPU
		{38892148-2746-4EA3-BA3C-1317A5ACCC58}.Release|x86.Build.0 = Release|Any CPU
	EndGlobalSection
	GlobalSection(SolutionProperties) = preSolution
		HideSolutionNode = FALSE
	EndGlobalSection
	GlobalSection(NestedProjects) = preSolution
		{90FBF647-F23E-49E2-BC32-F77C0A3D2E29} = {5474E224-1FB8-42A8-8980-BE6742B33328}
		{F32EB7C1-AD5B-44AE-941F-08339482B581} = {5474E224-1FB8-42A8-8980-BE6742B33328}
		{4BB64354-8263-4288-B62D-635DAF26BE16} = {5474E224-1FB8-42A8-8980-BE6742B33328}
		{E9878F58-DBC9-474D-8B29-319ABFC26B80} = {D2F293A8-239B-492E-AFA2-F19454223BAC}
		{F2EB3E69-ED7E-4340-A07F-ADE2303D45A0} = {D2F293A8-239B-492E-AFA2-F19454223BAC}
		{A68DADA2-B61F-4FE9-ACED-55AD0C971F11} = {59083895-08C4-46C4-BC5B-D9D3CBF35EB9}
		{D2F293A8-239B-492E-AFA2-F19454223BAC} = {245D1D8F-381F-48A4-A425-E82BA93B338E}
		{E1B252F3-1D75-4206-9ABD-A0606C9AABC2} = {5474E224-1FB8-42A8-8980-BE6742B33328}
		{E50DFE9A-8D15-4CAF-B8C1-2F5F150DB82E} = {59083895-08C4-46C4-BC5B-D9D3CBF35EB9}
	EndGlobalSection
	GlobalSection(ExtensibilityGlobals) = postSolution
		SolutionGuid = {C5CF2DA7-55B1-4976-8D91-97F020509138}
	EndGlobalSection
EndGlobal
